
Microsoft Visual Studio Solution File, Format Version 12.00
# Visual Studio Version 17
VisualStudioVersion = 17.2.32616.157
MinimumVisualStudioVersion = 10.0.40219.1
Project("{FAE04EC0-301F-11D3-BF4B-00C04F79EFBC}") = "MinimalAPIDemo", "MinimalAPIDemo\MinimalAPIDemo.csproj", "{750FED44-0090-4503-A453-53BE8FD75206}"
EndProject
Project("{00D1A9C2-B5F0-4AF3-8072-F6C62B433612}") = "UserDB", "UserDB\UserDB.sqlproj", "{DFD67AD8-FD4E-4323-8B00-3C5B5F78D1E6}"
EndProject
Global
	GlobalSection(SolutionConfigurationPlatforms) = preSolution
		Debug|Any CPU = Debug|Any CPU
		Release|Any CPU = Release|Any CPU
	EndGlobalSection
	GlobalSection(ProjectConfigurationPlatforms) = postSolution
		{750FED44-0090-4503-A453-53BE8FD75206}.Debug|Any CPU.ActiveCfg = Debug|Any CPU
		{750FED44-0090-4503-A453-53BE8FD75206}.Debug|Any CPU.Build.0 = Debug|Any CPU
		{750FED44-0090-4503-A453-53BE8FD75206}.Release|Any CPU.ActiveCfg = Release|Any CPU
		{750FED44-0090-4503-A453-53BE8FD75206}.Release|Any CPU.Build.0 = Release|Any CPU
		{DFD67AD8-FD4E-4323-8B00-3C5B5F78D1E6}.Debug|Any CPU.ActiveCfg = Debug|Any CPU
		{DFD67AD8-FD4E-4323-8B00-3C5B5F78D1E6}.Debug|Any CPU.Build.0 = Debug|Any CPU
		{DFD67AD8-FD4E-4323-8B00-3C5B5F78D1E6}.Debug|Any CPU.Deploy.0 = Debug|Any CPU
		{DFD67AD8-FD4E-4323-8B00-3C5B5F78D1E6}.Release|Any CPU.ActiveCfg = Release|Any CPU
		{DFD67AD8-FD4E-4323-8B00-3C5B5F78D1E6}.Release|Any CPU.Build.0 = Release|Any CPU
		{DFD67AD8-FD4E-4323-8B00-3C5B5F78D1E6}.Release|Any CPU.Deploy.0 = Release|Any CPU
	EndGlobalSection
	GlobalSection(SolutionProperties) = preSolution
		HideSolutionNode = FALSE
	EndGlobalSection
	GlobalSection(ExtensibilityGlobals) = postSolution
		SolutionGuid = {33AFE3D5-79DF-4BD9-97CD-48D1D3EAE15C}
	EndGlobalSection
EndGlobal
